{
  "name": "wasmppt-benchmark-pptx-browser",
  "version": "0.0.0",
  "lockfileVersion": 3,
  "requires": true,
  "packages": {
    "": {
      "name": "wasmppt-benchmark-pptx-browser",
      "version": "0.0.0",
      "dependencies": {
        "pptx-browser": "4.1.4"
      }
    },
    "node_modules/pptx-browser": {
      "version": "4.1.4",
      "resolved": "https://registry.npmjs.org/pptx-browser/-/pptx-browser-4.1.4.tgz",
      "integrity": "sha512-dVyfcFYsYrcVo4Ma3buuQi2hoy8IXxiij+x2ahUSc+IzoqDwGIbszBijzjDhHXNaGxkBZ4WdR9erDatOtDaHcQ==",
      "license": "MIT",
      "engines": {
        "node": ">=18.0.0"
      }
    }
  }
}
